{
  "originHash" : "9e550624eed15ad7b062bd3726de752bcc6a607509e1ecffc086cfac7fbfbf80",
  "pins" : [
    {
      "identity" : "lookinserver",
      "kind" : "remoteSourceControl",
      "location" : "https://github.com/QMUI/LookinServer/",
      "state" : {
        "revision" : "985e8afe77aa2f3fab599da4f9882f6e43eed919",
        "version" : "1.2.7"
      }
    }
  ],
  "version" : 3
}
